
Microsoft Visual Studio Solution File, Format Version 12.00
# Visual Studio Version 16
VisualStudioVersion = 16.0.808.4
MinimumVisualStudioVersion = 10.0.40219.1
Project("{FAE04EC0-301F-11D3-BF4B-00C04F79EFBC}") = "DeepLinkDemo1.Android", "DeepLinkDemo1.Android\DeepLinkDemo1.Android.csproj", "{4ADBFDDE-A0CE-4C4B-89F2-C8B58EA5AA48}"
EndProject
Project("{FAE04EC0-301F-11D3-BF4B-00C04F79EFBC}") = "DeepLinkDemo1.iOS", "DeepLinkDemo1.iOS\DeepLinkDemo1.iOS.csproj", "{01A59748-3A49-452E-931E-E946F252FBB8}"
EndProject
Project("{FAE04EC0-301F-11D3-BF4B-00C04F79EFBC}") = "DeepLinkDemo1", "DeepLinkDemo1\DeepLinkDemo1.csproj", "{C0FAF005-0998-4B00-A3A7-BA7CF1B86BDD}"
EndProject
Global
	GlobalSection(SolutionConfigurationPlatforms) = preSolution
		Debug|Any CPU = Debug|Any CPU
		Release|Any CPU = Release|Any CPU
		Debug|iPhoneSimulator = Debug|iPhoneSimulator
		Release|iPhoneSimulator = Release|iPhoneSimulator
		Debug|iPhone = Debug|iPhone
		Release|iPhone = Release|iPhone
	EndGlobalSection
	GlobalSection(ProjectConfigurationPlatforms) = postSolution
		{4ADBFDDE-A0CE-4C4B-89F2-C8B58EA5AA48}.Debug|Any CPU.ActiveCfg = Debug|Any CPU
		{4ADBFDDE-A0CE-4C4B-89F2-C8B58EA5AA48}.Debug|Any CPU.Build.0 = Debug|Any CPU
		{4ADBFDDE-A0CE-4C4B-89F2-C8B58EA5AA48}.Release|Any CPU.ActiveCfg = Release|Any CPU
		{4ADBFDDE-A0CE-4C4B-89F2-C8B58EA5AA48}.Release|Any CPU.Build.0 = Release|Any CPU
		{4ADBFDDE-A0CE-4C4B-89F2-C8B58EA5AA48}.Debug|iPhoneSimulator.ActiveCfg = Debug|Any CPU
		{4ADBFDDE-A0CE-4C4B-89F2-C8B58EA5AA48}.Debug|iPhoneSimulator.Build.0 = Debug|Any CPU
		{4ADBFDDE-A0CE-4C4B-89F2-C8B58EA5AA48}.Release|iPhoneSimulator.ActiveCfg = Release|Any CPU
		{4ADBFDDE-A0CE-4C4B-89F2-C8B58EA5AA48}.Release|iPhoneSimulator.Build.0 = Release|Any CPU
		{4ADBFDDE-A0CE-4C4B-89F2-C8B58EA5AA48}.Debug|iPhone.ActiveCfg = Debug|Any CPU
		{4ADBFDDE-A0CE-4C4B-89F2-C8B58EA5AA48}.Debug|iPhone.Build.0 = Debug|Any CPU
		{4ADBFDDE-A0CE-4C4B-89F2-C8B58EA5AA48}.Release|iPhone.ActiveCfg = Release|Any CPU
		{4ADBFDDE-A0CE-4C4B-89F2-C8B58EA5AA48}.Release|iPhone.Build.0 = Release|Any CPU
		{01A59748-3A49-452E-931E-E946F252FBB8}.Debug|Any CPU.ActiveCfg = Debug|iPhoneSimulator
		{01A59748-3A49-452E-931E-E946F252FBB8}.Debug|Any CPU.Build.0 = Debug|iPhoneSimulator
		{01A59748-3A49-452E-931E-E946F252FBB8}.Release|Any CPU.ActiveCfg = Release|iPhoneSimulator
		{01A59748-3A49-452E-931E-E946F252FBB8}.Release|Any CPU.Build.0 = Release|iPhoneSimulator
		{01A59748-3A49-452E-931E-E946F252FBB8}.Debug|iPhoneSimulator.ActiveCfg = Debug|iPhoneSimulator
		{01A59748-3A49-452E-931E-E946F252FBB8}.Debug|iPhoneSimulator.Build.0 = Debug|iPhoneSimulator
		{01A59748-3A49-452E-931E-E946F252FBB8}.Release|iPhoneSimulator.ActiveCfg = Release|iPhoneSimulator
		{01A59748-3A49-452E-931E-E946F252FBB8}.Release|iPhoneSimulator.Build.0 = Release|iPhoneSimulator
		{01A59748-3A49-452E-931E-E946F252FBB8}.Debug|iPhone.ActiveCfg = Debug|iPhone
		{01A59748-3A49-452E-931E-E946F252FBB8}.Debug|iPhone.Build.0 = Debug|iPhone
		{01A59748-3A49-452E-931E-E946F252FBB8}.Release|iPhone.ActiveCfg = Release|iPhone
		{01A59748-3A49-452E-931E-E946F252FBB8}.Release|iPhone.Build.0 = Release|iPhone
		{C0FAF005-0998-4B00-A3A7-BA7CF1B86BDD}.Debug|Any CPU.ActiveCfg = Debug|Any CPU
		{C0FAF005-0998-4B00-A3A7-BA7CF1B86BDD}.Debug|Any CPU.Build.0 = Debug|Any CPU
		{C0FAF005-0998-4B00-A3A7-BA7CF1B86BDD}.Release|Any CPU.ActiveCfg = Release|Any CPU
		{C0FAF005-0998-4B00-A3A7-BA7CF1B86BDD}.Release|Any CPU.Build.0 = Release|Any CPU
		{C0FAF005-0998-4B00-A3A7-BA7CF1B86BDD}.Debug|iPhoneSimulator.ActiveCfg = Debug|Any CPU
		{C0FAF005-0998-4B00-A3A7-BA7CF1B86BDD}.Debug|iPhoneSimulator.Build.0 = Debug|Any CPU
		{C0FAF005-0998-4B00-A3A7-BA7CF1B86BDD}.Release|iPhoneSimulator.ActiveCfg = Release|Any CPU
		{C0FAF005-0998-4B00-A3A7-BA7CF1B86BDD}.Release|iPhoneSimulator.Build.0 = Release|Any CPU
		{C0FAF005-0998-4B00-A3A7-BA7CF1B86BDD}.Debug|iPhone.ActiveCfg = Debug|Any CPU
		{C0FAF005-0998-4B00-A3A7-BA7CF1B86BDD}.Debug|iPhone.Build.0 = Debug|Any CPU
		{C0FAF005-0998-4B00-A3A7-BA7CF1B86BDD}.Release|iPhone.ActiveCfg = Release|Any CPU
		{C0FAF005-0998-4B00-A3A7-BA7CF1B86BDD}.Release|iPhone.Build.0 = Release|Any CPU
	EndGlobalSection
	GlobalSection(SolutionProperties) = preSolution
		HideSolutionNode = FALSE
	EndGlobalSection
	GlobalSection(ExtensibilityGlobals) = postSolution
		SolutionGuid = {F9B18F06-BCA7-42C5-BCB3-FD48F1171921}
	EndGlobalSection
EndGlobal
